
Microsoft Visual Studio Solution File, Format Version 12.00
# Visual Studio Version 17
VisualStudioVersion = 17.13.35828.75 d17.13
MinimumVisualStudioVersion = 10.0.40219.1
Project("{FAE04EC0-301F-11D3-BF4B-00C04F79EFBC}") = "UBook.API", "UBook.APi\UBook.API.csproj", "{ABD3DFE6-93DD-42FB-9D5D-2A45CA65EEDC}"
EndProject
Project("{FAE04EC0-301F-11D3-BF4B-00C04F79EFBC}") = "Switch", "Switch\Switch.csproj", "{88582E63-6F05-49C4-A3E9-E324BF68E857}"
EndProject
Global
	GlobalSection(SolutionConfigurationPlatforms) = preSolution
		Debug|Any CPU = Debug|Any CPU
		Release|Any CPU = Release|Any CPU
	EndGlobalSection
	GlobalSection(ProjectConfigurationPlatforms) = postSolution
		{ABD3DFE6-93DD-42FB-9D5D-2A45CA65EEDC}.Debug|Any CPU.ActiveCfg = Debug|Any CPU
		{ABD3DFE6-93DD-42FB-9D5D-2A45CA65EEDC}.Debug|Any CPU.Build.0 = Debug|Any CPU
		{ABD3DFE6-93DD-42FB-9D5D-2A45CA65EEDC}.Release|Any CPU.ActiveCfg = Release|Any CPU
		{ABD3DFE6-93DD-42FB-9D5D-2A45CA65EEDC}.Release|Any CPU.Build.0 = Release|Any CPU
		{88582E63-6F05-49C4-A3E9-E324BF68E857}.Debug|Any CPU.ActiveCfg = Debug|Any CPU
		{88582E63-6F05-49C4-A3E9-E324BF68E857}.Debug|Any CPU.Build.0 = Debug|Any CPU
		{88582E63-6F05-49C4-A3E9-E324BF68E857}.Release|Any CPU.ActiveCfg = Release|Any CPU
		{88582E63-6F05-49C4-A3E9-E324BF68E857}.Release|Any CPU.Build.0 = Release|Any CPU
	EndGlobalSection
	GlobalSection(SolutionProperties) = preSolution
		HideSolutionNode = FALSE
	EndGlobalSection
	GlobalSection(ExtensibilityGlobals) = postSolution
		SolutionGuid = {240C7540-BE8F-470C-B306-FE191979BA1F}
	EndGlobalSection
EndGlobal
