
Microsoft Visual Studio Solution File, Format Version 12.00
# Visual Studio Version 17
VisualStudioVersion = 17.13.35828.75
MinimumVisualStudioVersion = 10.0.40219.1
Project("{FAE04EC0-301F-11D3-BF4B-00C04F79EFBC}") = "PZ2", "PZ2\PZ2.csproj", "{C7EBA44B-88AE-4630-AE19-2C5919AFC8D0}"
EndProject
Project("{FAE04EC0-301F-11D3-BF4B-00C04F79EFBC}") = "PZ3", "PZ3\PZ3.csproj", "{52F59F37-3964-4327-87D1-008849F16C4C}"
EndProject
Global
	GlobalSection(SolutionConfigurationPlatforms) = preSolution
		Debug|Any CPU = Debug|Any CPU
		Release|Any CPU = Release|Any CPU
	EndGlobalSection
	GlobalSection(ProjectConfigurationPlatforms) = postSolution
		{C7EBA44B-88AE-4630-AE19-2C5919AFC8D0}.Debug|Any CPU.ActiveCfg = Debug|Any CPU
		{C7EBA44B-88AE-4630-AE19-2C5919AFC8D0}.Debug|Any CPU.Build.0 = Debug|Any CPU
		{C7EBA44B-88AE-4630-AE19-2C5919AFC8D0}.Release|Any CPU.ActiveCfg = Release|Any CPU
		{C7EBA44B-88AE-4630-AE19-2C5919AFC8D0}.Release|Any CPU.Build.0 = Release|Any CPU
		{52F59F37-3964-4327-87D1-008849F16C4C}.Debug|Any CPU.ActiveCfg = Debug|Any CPU
		{52F59F37-3964-4327-87D1-008849F16C4C}.Debug|Any CPU.Build.0 = Debug|Any CPU
		{52F59F37-3964-4327-87D1-008849F16C4C}.Release|Any CPU.ActiveCfg = Release|Any CPU
		{52F59F37-3964-4327-87D1-008849F16C4C}.Release|Any CPU.Build.0 = Release|Any CPU
	EndGlobalSection
	GlobalSection(SolutionProperties) = preSolution
		HideSolutionNode = FALSE
	EndGlobalSection
	GlobalSection(ExtensibilityGlobals) = postSolution
		SolutionGuid = {FC74E05C-9DD1-4CB3-826B-80B967D2A9D2}
	EndGlobalSection
EndGlobal
